
Microsoft Visual Studio Solution File, Format Version 12.00
# Visual Studio Version 17
VisualStudioVersion = 17.5.002.0
MinimumVisualStudioVersion = 10.0.40219.1
Project("{9A19103F-16F7-4668-BE54-9A1E7A4F7556}") = "backend", "backend.csproj", "{80EE4901-CFDA-4242-B0A8-CB7ACB59A524}"
EndProject
Global
	GlobalSection(SolutionConfigurationPlatforms) = preSolution
		Debug|Any CPU = Debug|Any CPU
		Release|Any CPU = Release|Any CPU
	EndGlobalSection
	GlobalSection(ProjectConfigurationPlatforms) = postSolution
		{80EE4901-CFDA-4242-B0A8-CB7ACB59A524}.Debug|Any CPU.ActiveCfg = Debug|Any CPU
		{80EE4901-CFDA-4242-B0A8-CB7ACB59A524}.Debug|Any CPU.Build.0 = Debug|Any CPU
		{80EE4901-CFDA-4242-B0A8-CB7ACB59A524}.Release|Any CPU.ActiveCfg = Release|Any CPU
		{80EE4901-CFDA-4242-B0A8-CB7ACB59A524}.Release|Any CPU.Build.0 = Release|Any CPU
	EndGlobalSection
	GlobalSection(SolutionProperties) = preSolution
		HideSolutionNode = FALSE
	EndGlobalSection
	GlobalSection(ExtensibilityGlobals) = postSolution
		SolutionGuid = {49162D59-BE80-4F57-9C89-BE2D481BF5E7}
	EndGlobalSection
EndGlobal
